
Microsoft Visual Studio Solution File, Format Version 12.00
# Visual Studio Version 16
VisualStudioVersion = 16.0.30711.63
MinimumVisualStudioVersion = 10.0.40219.1
Project("{FAE04EC0-301F-11D3-BF4B-00C04F79EFBC}") = "soap-demo", "soap-demo.csproj", "{0B5841E6-84ED-4BF5-9052-1BBDE19F48FE}"
EndProject
Global
	GlobalSection(SolutionConfigurationPlatforms) = preSolution
		Debug|Any CPU = Debug|Any CPU
		Release|Any CPU = Release|Any CPU
	EndGlobalSection
	GlobalSection(ProjectConfigurationPlatforms) = postSolution
		{0B5841E6-84ED-4BF5-9052-1BBDE19F48FE}.Debug|Any CPU.ActiveCfg = Debug|Any CPU
		{0B5841E6-84ED-4BF5-9052-1BBDE19F48FE}.Debug|Any CPU.Build.0 = Debug|Any CPU
		{0B5841E6-84ED-4BF5-9052-1BBDE19F48FE}.Release|Any CPU.ActiveCfg = Release|Any CPU
		{0B5841E6-84ED-4BF5-9052-1BBDE19F48FE}.Release|Any CPU.Build.0 = Release|Any CPU
	EndGlobalSection
	GlobalSection(SolutionProperties) = preSolution
		HideSolutionNode = FALSE
	EndGlobalSection
	GlobalSection(ExtensibilityGlobals) = postSolution
		SolutionGuid = {5A020189-C192-4547-9616-E2C2F22E83F3}
	EndGlobalSection
EndGlobal
